
Microsoft Visual Studio Solution File, Format Version 12.00
# Visual Studio Version 17
VisualStudioVersion = 17.8.34511.84
MinimumVisualStudioVersion = 10.0.40219.1
Project("{FAE04EC0-301F-11D3-BF4B-00C04F79EFBC}") = "ConsoleAdventure", "ConsoleAdventure\ConsoleAdventure.csproj", "{A8BD34AF-63A0-4C87-BAFC-E9A40014C2A6}"
EndProject
Global
	GlobalSection(SolutionConfigurationPlatforms) = preSolution
		Debug|Any CPU = Debug|Any CPU
		Release|Any CPU = Release|Any CPU
	EndGlobalSection
	GlobalSection(ProjectConfigurationPlatforms) = postSolution
		{A8BD34AF-63A0-4C87-BAFC-E9A40014C2A6}.Debug|Any CPU.ActiveCfg = Debug|Any CPU
		{A8BD34AF-63A0-4C87-BAFC-E9A40014C2A6}.Debug|Any CPU.Build.0 = Debug|Any CPU
		{A8BD34AF-63A0-4C87-BAFC-E9A40014C2A6}.Release|Any CPU.ActiveCfg = Release|Any CPU
		{A8BD34AF-63A0-4C87-BAFC-E9A40014C2A6}.Release|Any CPU.Build.0 = Release|Any CPU
	EndGlobalSection
	GlobalSection(SolutionProperties) = preSolution
		HideSolutionNode = FALSE
	EndGlobalSection
	GlobalSection(ExtensibilityGlobals) = postSolution
		SolutionGuid = {2D46C511-5E79-4713-B3D8-8FBF266EDB2D}
	EndGlobalSection
EndGlobal
